
Microsoft Visual Studio Solution File, Format Version 12.00
# Visual Studio Version 16
VisualStudioVersion = 16.0.30621.155
MinimumVisualStudioVersion = 10.0.40219.1
Project("{FAE04EC0-301F-11D3-BF4B-00C04F79EFBC}") = "Question1Project", "Question1Project\Question1Project.csproj", "{EBC7E06E-4BE4-4A01-A0A2-72B76C950CE4}"
EndProject
Global
	GlobalSection(SolutionConfigurationPlatforms) = preSolution
		Debug|Any CPU = Debug|Any CPU
		Release|Any CPU = Release|Any CPU
	EndGlobalSection
	GlobalSection(ProjectConfigurationPlatforms) = postSolution
		{EBC7E06E-4BE4-4A01-A0A2-72B76C950CE4}.Debug|Any CPU.ActiveCfg = Debug|Any CPU
		{EBC7E06E-4BE4-4A01-A0A2-72B76C950CE4}.Debug|Any CPU.Build.0 = Debug|Any CPU
		{EBC7E06E-4BE4-4A01-A0A2-72B76C950CE4}.Release|Any CPU.ActiveCfg = Release|Any CPU
		{EBC7E06E-4BE4-4A01-A0A2-72B76C950CE4}.Release|Any CPU.Build.0 = Release|Any CPU
	EndGlobalSection
	GlobalSection(SolutionProperties) = preSolution
		HideSolutionNode = FALSE
	EndGlobalSection
	GlobalSection(ExtensibilityGlobals) = postSolution
		SolutionGuid = {981C6A0A-9B03-46AC-9ED7-148C7DC8E6B3}
	EndGlobalSection
EndGlobal
